<?xml version="1.0" encoding="utf-8"?>
<Project ToolsVersion="4.0" xmlns="http://schemas.microsoft.com/developer/msbuild/2003">
  <ItemGroup>
    <Filter Include="Source Files">
      <UniqueIdentifier>{4FC737F1-C7A5-4376-A066-2A32D752A2FF}</UniqueIdentifier>
      <Extensions>cpp;c;cc;cxx;c++;cppm;ixx;def;odl;idl;hpj;bat;asm;asmx</Extensions>
    </Filter>
    <Filter Include="Header Files">
      <UniqueIdentifier>{93995380-89BD-4b04-88EB-625FBE52EBFB}</UniqueIdentifier>
      <Extensions>h;hh;hpp;hxx;h++;hm;inl;inc;ipp;xsd</Extensions>
    </Filter>
    <Filter Include="Resource Files">
      <UniqueIdentifier>{67DA6AB6-F800-4c08-8B7A-83BB121AAD01}</UniqueIdentifier>
      <Extensions>rc;ico;cur;bmp;dlg;rc2;rct;bin;rgs;gif;jpg;jpeg;jpe;resx;tiff;tif;png;wav;mfcribbon-ms</Extensions>
    </Filter>
    <Filter Include="Source Files\cli">
      <UniqueIdentifier>{424b28e7-cdc6-4434-8f8d-62580f8038ef}</UniqueIdentifier>
    </Filter>
    <Filter Include="Header Files\cli">
      <UniqueIdentifier>{d8319ab9-9115-49be-b351-0f0771b897d5}</UniqueIdentifier>
    </Filter>
  </ItemGroup>
  <ItemGroup>
    <ClCompile Include="beacondbg.cpp">
      <Filter>Source Files</Filter>
    </ClCompile>
    <ClCompile Include="main.cpp">
      <Filter>Source Files</Filter>
    </ClCompile>
    <ClCompile Include="cli\breakpoints.cpp">
      <Filter>Source Files\cli</Filter>
    </ClCompile>
    <ClCompile Include="cli\cli.cpp">
      <Filter>Source Files\cli</Filter>
    </ClCompile>
    <ClCompile Include="cli\clicmd.cpp">
      <Filter>Source Files\cli</Filter>
    </ClCompile>
    <ClCompile Include="cli\load.cpp">
      <Filter>Source Files\cli</Filter>
    </ClCompile>
    <ClCompile Include="cli\quit.cpp">
      <Filter>Source Files\cli</Filter>
    </ClCompile>
    <ClCompile Include="cli\run.cpp">
      <Filter>Source Files\cli</Filter>
    </ClCompile>
    <ClCompile Include="cli\args.cpp">
      <Filter>Source Files\cli</Filter>
    </ClCompile>
  </ItemGroup>
  <ItemGroup>
    <ClInclude Include="cli\breakpoints.h">
      <Filter>Header Files\cli</Filter>
    </ClInclude>
    <ClInclude Include="cli\clicmd.h">
      <Filter>Header Files\cli</Filter>
    </ClInclude>
    <ClInclude Include="cli\load.h">
      <Filter>Header Files\cli</Filter>
    </ClInclude>
    <ClInclude Include="cli\quit.h">
      <Filter>Header Files\cli</Filter>
    </ClInclude>
    <ClInclude Include="cli\run.h">
      <Filter>Header Files\cli</Filter>
    </ClInclude>
    <ClInclude Include="cli\args.h">
      <Filter>Header Files\cli</Filter>
    </ClInclude>
  </ItemGroup>
</Project>